
Microsoft Visual Studio Solution File, Format Version 12.00
# Visual Studio 15
VisualStudioVersion = 15.0.28307.329
MinimumVisualStudioVersion = 10.0.40219.1
Project("{FAE04EC0-301F-11D3-BF4B-00C04F79EFBC}") = "CadastroRio", "CadastroRio\CadastroRio.csproj", "{FAF356CF-3F7C-4789-87BE-1015B6E0A810}"
EndProject
Global
	GlobalSection(SolutionConfigurationPlatforms) = preSolution
		Debug|Any CPU = Debug|Any CPU
		Release|Any CPU = Release|Any CPU
	EndGlobalSection
	GlobalSection(ProjectConfigurationPlatforms) = postSolution
		{FAF356CF-3F7C-4789-87BE-1015B6E0A810}.Debug|Any CPU.ActiveCfg = Debug|Any CPU
		{FAF356CF-3F7C-4789-87BE-1015B6E0A810}.Debug|Any CPU.Build.0 = Debug|Any CPU
		{FAF356CF-3F7C-4789-87BE-1015B6E0A810}.Release|Any CPU.ActiveCfg = Release|Any CPU
		{FAF356CF-3F7C-4789-87BE-1015B6E0A810}.Release|Any CPU.Build.0 = Release|Any CPU
	EndGlobalSection
	GlobalSection(SolutionProperties) = preSolution
		HideSolutionNode = FALSE
	EndGlobalSection
	GlobalSection(ExtensibilityGlobals) = postSolution
		SolutionGuid = {33ED2733-6218-4B69-AAF1-5772750F40F9}
	EndGlobalSection
EndGlobal
